
Microsoft Visual Studio Solution File, Format Version 12.00
# Visual Studio Version 16
VisualStudioVersion = 16.0.30907.101
MinimumVisualStudioVersion = 10.0.40219.1
Project("{FAE04EC0-301F-11D3-BF4B-00C04F79EFBC}") = "Madaline", "Madaline\Madaline.csproj", "{F59A5F8C-5F76-4D43-AFA5-A2378A37F337}"
EndProject
Global
	GlobalSection(SolutionConfigurationPlatforms) = preSolution
		Debug|Any CPU = Debug|Any CPU
		Release|Any CPU = Release|Any CPU
	EndGlobalSection
	GlobalSection(ProjectConfigurationPlatforms) = postSolution
		{F59A5F8C-5F76-4D43-AFA5-A2378A37F337}.Debug|Any CPU.ActiveCfg = Debug|Any CPU
		{F59A5F8C-5F76-4D43-AFA5-A2378A37F337}.Debug|Any CPU.Build.0 = Debug|Any CPU
		{F59A5F8C-5F76-4D43-AFA5-A2378A37F337}.Release|Any CPU.ActiveCfg = Release|Any CPU
		{F59A5F8C-5F76-4D43-AFA5-A2378A37F337}.Release|Any CPU.Build.0 = Release|Any CPU
	EndGlobalSection
	GlobalSection(SolutionProperties) = preSolution
		HideSolutionNode = FALSE
	EndGlobalSection
	GlobalSection(ExtensibilityGlobals) = postSolution
		SolutionGuid = {469ADC57-17D9-414E-8A4C-7C96532AAA98}
	EndGlobalSection
EndGlobal
